[["version","2"]]
["","git-latest",["https://github.com/dagger/playwright"],"refs/heads/main"]
["","git-latest",["https://github.com/sagikazarmark/daggerverse-beta"],"refs/heads/main",[["tagPrefix","dagger-gha"]]]
["","git-latest",["https://github.com/sagikazarmark/daggerverse-beta"],"refs/heads/main",[["tagPrefix","dioxus"]]]
["","git-latest",["https://github.com/sagikazarmark/daggerverse-beta"],"refs/heads/main",[["tagPrefix","rust"]]]
["","git-latest",["https://github.com/sagikazarmark/daggerverse-beta"],"refs/heads/main",[["tagPrefix","worker"]]]
["","git-sha",["https://github.com/dagger/playwright","refs/heads/main"],"7a6aa5388fcef513f037d31fb0a3251ad4025ed2"]
["","git-sha",["https://github.com/rustsec/advisory-db.git","HEAD"],"b331df68b3ed0e99594d259040bdcb9de3c7c8a4"]
["","git-sha",["https://github.com/sagikazarmark/daggerverse-beta","refs/heads/main"],"ce82b8575ccc2273a7e3b332424962ff1e744f82"]
["","oci-sha",["docker.io/library/node:latest"],"sha256:f5d1cc40abc10c2843339a2134d07817cf33c405cb16bfd052b0ed790254c3a3"]
["","oci-sha",["docker.io/library/node:lts"],"sha256:be23f54a88d34e8824c741b19b91064094f92c1c97b194144bfc8b50d67258e2"]
["","oci-sha",["docker.io/library/rust:1.98-trixie"],"sha256:271849e998ffce5776454bbf98c5dc21baafc854ff8e566197908d3aca9a81e8"]
["","oci-sha",["mcr.microsoft.com/playwright:v1.62.1-noble"],"sha256:dcc5531e97840b9b5e794f2814476b21571c5124a3fca2267d73041f56e7580e"]